// !$*UTF8*$!
{
	archiveVersion = 1;
	classes = {
	};
	objectVersion = 46;
	objects = {

/* Begin PBXBuildFile section */
		055FD87BC57AAF6988F78381 /* Pods_TravelPal.framework in Frameworks */ = {isa = PBXBuildFile; fileRef = 47CE7437F83FD8A51101D46C /* Pods_TravelPal.framework */; };
		8E10915D1EB71774006E4CCD /* Consts.swift in Sources */ = {isa = PBXBuildFile; fileRef = 8E10915C1EB71774006E4CCD /* Consts.swift */; };
		8E10915F1EB717CF006E4CCD /* HeadSegmentView.swift in Sources */ = {isa = PBXBuildFile; fileRef = 8E10915E1EB717CF006E4CCD /* HeadSegmentView.swift */; };
		8E1091611EB718C6006E4CCD /* UIView+Ext.swift in Sources */ = {isa = PBXBuildFile; fileRef = 8E1091601EB718C6006E4CCD /* UIView+Ext.swift */; };
		8E3285A11EDF0EF200178785 /* NSDate+Extension.m in Sources */ = {isa = PBXBuildFile; fileRef = 8E32859B1EDF0EF200178785 /* NSDate+Extension.m */; };
		8E3285A21EDF0EF200178785 /* UIView+Extension.m in Sources */ = {isa = PBXBuildFile; fileRef = 8E32859D1EDF0EF200178785 /* UIView+Extension.m */; };
		8E3285A31EDF0EF200178785 /* WSDatePickerView.m in Sources */ = {isa = PBXBuildFile; fileRef = 8E32859F1EDF0EF200178785 /* WSDatePickerView.m */; };
		8E3285A41EDF0EF200178785 /* WSDatePickerView.xib in Resources */ = {isa = PBXBuildFile; fileRef = 8E3285A01EDF0EF200178785 /* WSDatePickerView.xib */; };
		8E3285A51EDF101700178785 /* NSDate+Extension.h in Sources */ = {isa = PBXBuildFile; fileRef = 8E32859A1EDF0EF200178785 /* NSDate+Extension.h */; };
		8E3285A61EDF101700178785 /* UIView+Extension.h in Sources */ = {isa = PBXBuildFile; fileRef = 8E32859C1EDF0EF200178785 /* UIView+Extension.h */; };
		8E3285A71EDF101700178785 /* WSDatePickerView.h in Sources */ = {isa = PBXBuildFile; fileRef = 8E32859E1EDF0EF200178785 /* WSDatePickerView.h */; };
		8E3E350D1EAE1C170005C942 /* MapViewController.swift in Sources */ = {isa = PBXBuildFile; fileRef = 8E3E350C1EAE1C170005C942 /* MapViewController.swift */; };
		8E3E35121EAE3CF70005C942 /* TravelPalDetailViewController.swift in Sources */ = {isa = PBXBuildFile; fileRef = 8E3E35111EAE3CF70005C942 /* TravelPalDetailViewController.swift */; };
		8E3E35141EAE3F970005C942 /* UserManager.swift in Sources */ = {isa = PBXBuildFile; fileRef = 8E3E35131EAE3F970005C942 /* UserManager.swift */; };
		8E3E35161EAE3F9F0005C942 /* Router.swift in Sources */ = {isa = PBXBuildFile; fileRef = 8E3E35151EAE3F9F0005C942 /* Router.swift */; };
		8E46AED11EC8430B004A95D5 /* LvbanInfo.swift in Sources */ = {isa = PBXBuildFile; fileRef = 8E46AED01EC8430B004A95D5 /* LvbanInfo.swift */; };
		8E46AED41EC8488D004A95D5 /* TPPersonInfoCell.swift in Sources */ = {isa = PBXBuildFile; fileRef = 8E46AED21EC8488D004A95D5 /* TPPersonInfoCell.swift */; };
		8E46AED51EC8488D004A95D5 /* TPPersonInfoCell.xib in Resources */ = {isa = PBXBuildFile; fileRef = 8E46AED31EC8488D004A95D5 /* TPPersonInfoCell.xib */; };
		8E46AED81EC84F78004A95D5 /* TPTravelInfoCell.swift in Sources */ = {isa = PBXBuildFile; fileRef = 8E46AED61EC84F78004A95D5 /* TPTravelInfoCell.swift */; };
		8E46AED91EC84F78004A95D5 /* TPTravelInfoCell.xib in Resources */ = {isa = PBXBuildFile; fileRef = 8E46AED71EC84F78004A95D5 /* TPTravelInfoCell.xib */; };
		8E46AEDE1EC85313004A95D5 /* TPDetailInfoCell.swift in Sources */ = {isa = PBXBuildFile; fileRef = 8E46AEDC1EC85313004A95D5 /* TPDetailInfoCell.swift */; };
		8E46AEDF1EC85313004A95D5 /* TPDetailInfoCell.xib in Resources */ = {isa = PBXBuildFile; fileRef = 8E46AEDD1EC85313004A95D5 /* TPDetailInfoCell.xib */; };
		8E46AEE21EC8534C004A95D5 /* TPGeoInfoCell.swift in Sources */ = {isa = PBXBuildFile; fileRef = 8E46AEE01EC8534C004A95D5 /* TPGeoInfoCell.swift */; };
		8E46AEE31EC8534C004A95D5 /* TPGeoInfoCell.xib in Resources */ = {isa = PBXBuildFile; fileRef = 8E46AEE11EC8534C004A95D5 /* TPGeoInfoCell.xib */; };
		8E48FD1D1EADA78900EA132C /* AppDelegate.swift in Sources */ = {isa = PBXBuildFile; fileRef = 8E48FD1C1EADA78900EA132C /* AppDelegate.swift */; };
		8E48FD1F1EADA78900EA132C /* ViewController.swift in Sources */ = {isa = PBXBuildFile; fileRef = 8E48FD1E1EADA78900EA132C /* ViewController.swift */; };
		8E48FD221EADA78900EA132C /* Main.storyboard in Resources */ = {isa = PBXBuildFile; fileRef = 8E48FD201EADA78900EA132C /* Main.storyboard */; };
		8E48FD251EADA78900EA132C /* TravelPal.xcdatamodeld in Sources */ = {isa = PBXBuildFile; fileRef = 8E48FD231EADA78900EA132C /* TravelPal.xcdatamodeld */; };
		8E48FD271EADA78900EA132C /* Assets.xcassets in Resources */ = {isa = PBXBuildFile; fileRef = 8E48FD261EADA78900EA132C /* Assets.xcassets */; };
		8E48FD2A1EADA78900EA132C /* LaunchScreen.storyboard in Resources */ = {isa = PBXBuildFile; fileRef = 8E48FD281EADA78900EA132C /* LaunchScreen.storyboard */; };
		8E5C7A471EBB6F9A000E64F7 /* MainTableViewController.swift in Sources */ = {isa = PBXBuildFile; fileRef = 8E5C7A451EBB6F9A000E64F7 /* MainTableViewController.swift */; };
		8E5C7A481EBB6F9A000E64F7 /* DemoCell.swift in Sources */ = {isa = PBXBuildFile; fileRef = 8E5C7A461EBB6F9A000E64F7 /* DemoCell.swift */; };
		8E5C7A4C1EBB6FD3000E64F7 /* FoldingCell.swift in Sources */ = {isa = PBXBuildFile; fileRef = 8E5C7A4B1EBB6FD3000E64F7 /* FoldingCell.swift */; };
		8E7035C71ECC945900AA8E36 /* OverlayController.swift in Sources */ = {isa = PBXBuildFile; fileRef = 8E7035C61ECC945900AA8E36 /* OverlayController.swift */; };
		8E7BA4861ED18C9D00969F3C /* TPPosterTableViewController.swift in Sources */ = {isa = PBXBuildFile; fileRef = 8E7BA4851ED18C9D00969F3C /* TPPosterTableViewController.swift */; };
		8E91455B1EDDB0A1006EA2DB /* TPPoster2TableViewController.swift in Sources */ = {isa = PBXBuildFile; fileRef = 8E91455A1EDDB0A1006EA2DB /* TPPoster2TableViewController.swift */; };
		8EA4C0701EB9E939003047E7 /* TravelPalViewController.swift in Sources */ = {isa = PBXBuildFile; fileRef = 8EA4C06F1EB9E939003047E7 /* TravelPalViewController.swift */; };
		8EA4C0721EB9EAB6003047E7 /* TravelPalTabelViewController.swift in Sources */ = {isa = PBXBuildFile; fileRef = 8EA4C0711EB9EAB6003047E7 /* TravelPalTabelViewController.swift */; };
		8EB6C7741EB0DA900069578A /* IMListViewController.swift in Sources */ = {isa = PBXBuildFile; fileRef = 8EB6C7731EB0DA900069578A /* IMListViewController.swift */; };
		8EC842951ED5C6B10078D674 /* TPFindPalTableViewController.swift in Sources */ = {isa = PBXBuildFile; fileRef = 8EC842941ED5C6B10078D674 /* TPFindPalTableViewController.swift */; };
		8ECBDF5F1EC747680025579E /* TPDetailToolBar.swift in Sources */ = {isa = PBXBuildFile; fileRef = 8ECBDF5E1EC747680025579E /* TPDetailToolBar.swift */; };
		8EE1F28B1EE1A10600B0DD1E /* HELoopPageView.swift in Sources */ = {isa = PBXBuildFile; fileRef = 8EE1F2861EE1A10600B0DD1E /* HELoopPageView.swift */; };
		8EE1F28C1EE1A10600B0DD1E /* tableview.swift in Sources */ = {isa = PBXBuildFile; fileRef = 8EE1F2871EE1A10600B0DD1E /* tableview.swift */; };
		8EE1F28D1EE1A10600B0DD1E /* SearchViewController.swift in Sources */ = {isa = PBXBuildFile; fileRef = 8EE1F2881EE1A10600B0DD1E /* SearchViewController.swift */; };
		8EE1F28E1EE1A10600B0DD1E /* BGButton.swift in Sources */ = {isa = PBXBuildFile; fileRef = 8EE1F2891EE1A10600B0DD1E /* BGButton.swift */; };
		8EE1F28F1EE1A10600B0DD1E /* InformationViewController.swift in Sources */ = {isa = PBXBuildFile; fileRef = 8EE1F28A1EE1A10600B0DD1E /* InformationViewController.swift */; };
		8EE1F29B1EE1A2E400B0DD1E /* allDingDan.swift in Sources */ = {isa = PBXBuildFile; fileRef = 8EE1F2951EE1A2E400B0DD1E /* allDingDan.swift */; };
		8EE1F29C1EE1A2E400B0DD1E /* PersonalViewController.swift in Sources */ = {isa = PBXBuildFile; fileRef = 8EE1F2961EE1A2E400B0DD1E /* PersonalViewController.swift */; };
		8EE1F29D1EE1A2E400B0DD1E /* DetailViewController.swift in Sources */ = {isa = PBXBuildFile; fileRef = 8EE1F2971EE1A2E400B0DD1E /* DetailViewController.swift */; };
		8EE1F29E1EE1A2E400B0DD1E /* SignViewController.swift in Sources */ = {isa = PBXBuildFile; fileRef = 8EE1F2981EE1A2E400B0DD1E /* SignViewController.swift */; };
		8EE1F29F1EE1A2E400B0DD1E /* RegisterViewController.swift in Sources */ = {isa = PBXBuildFile; fileRef = 8EE1F2991EE1A2E400B0DD1E /* RegisterViewController.swift */; };
		8EE1F2A01EE1A2E400B0DD1E /* forgetViewController.swift in Sources */ = {isa = PBXBuildFile; fileRef = 8EE1F29A1EE1A2E400B0DD1E /* forgetViewController.swift */; };
		8EE1F2A41EE1A2F700B0DD1E /* DingDanCell.swift in Sources */ = {isa = PBXBuildFile; fileRef = 8EE1F2A21EE1A2F700B0DD1E /* DingDanCell.swift */; };
		8EE1F2A51EE1A2F700B0DD1E /* ProductTableViewCell.swift in Sources */ = {isa = PBXBuildFile; fileRef = 8EE1F2A31EE1A2F700B0DD1E /* ProductTableViewCell.swift */; };
		8EE1F2A81EE1A30300B0DD1E /* myButton.swift in Sources */ = {isa = PBXBuildFile; fileRef = 8EE1F2A61EE1A30300B0DD1E /* myButton.swift */; };
		8EE1F2A91EE1A30300B0DD1E /* myLayout.swift in Sources */ = {isa = PBXBuildFile; fileRef = 8EE1F2A71EE1A30300B0DD1E /* myLayout.swift */; };
		8EE52EF31EEC2E3C003C0116 /* empty.swift in Sources */ = {isa = PBXBuildFile; fileRef = 8EE52EF21EEC2E3C003C0116 /* empty.swift */; };
		8EE6D5C71ECEEA2900C6F0EA /* TravelPostViewController.swift in Sources */ = {isa = PBXBuildFile; fileRef = 8EE6D5C61ECEEA2900C6F0EA /* TravelPostViewController.swift */; };
		8EEBAAC41EE821F900AA1313 /* TPTabBarController.swift in Sources */ = {isa = PBXBuildFile; fileRef = 8EEBAAC31EE821F900AA1313 /* TPTabBarController.swift */; };
		8EEBAAC61EE8223E00AA1313 /* TPFabuView.swift in Sources */ = {isa = PBXBuildFile; fileRef = 8EEBAAC51EE8223E00AA1313 /* TPFabuView.swift */; };
		8EEBAAC81EE8346D00AA1313 /* TPBannerView.swift in Sources */ = {isa = PBXBuildFile; fileRef = 8EEBAAC71EE8346D00AA1313 /* TPBannerView.swift */; };
		8EF018821EB234B700AA6BEB /* IMConversationViewController.swift in Sources */ = {isa = PBXBuildFile; fileRef = 8EF018811EB234B700AA6BEB /* IMConversationViewController.swift */; };
/* End PBXBuildFile section */

/* Begin PBXFileReference section */
		47CE7437F83FD8A51101D46C /* Pods_TravelPal.framework */ = {isa = PBXFileReference; explicitFileType = wrapper.framework; includeInIndex = 0; path = Pods_TravelPal.framework; sourceTree = BUILT_PRODUCTS_DIR; };
		6C993913E750029AD8FBE27C /* Pods-TravelPal.debug.xcconfig */ = {isa = PBXFileReference; includeInIndex = 1; lastKnownFileType = text.xcconfig; name = "Pods-TravelPal.debug.xcconfig"; path = "Pods/Target Support Files/Pods-TravelPal/Pods-TravelPal.debug.xcconfig"; sourceTree = "<group>"; };
		8E10915C1EB71774006E4CCD /* Consts.swift */ = {isa = PBXFileReference; fileEncoding = 4; lastKnownFileType = sourcecode.swift; path = Consts.swift; sourceTree = "<group>"; };
		8E10915E1EB717CF006E4CCD /* HeadSegmentView.swift */ = {isa = PBXFileReference; fileEncoding = 4; lastKnownFileType = sourcecode.swift; path = HeadSegmentView.swift; sourceTree = "<group>"; };
		8E1091601EB718C6006E4CCD /* UIView+Ext.swift */ = {isa = PBXFileReference; fileEncoding = 4; lastKnownFileType = sourcecode.swift; path = "UIView+Ext.swift"; sourceTree = "<group>"; };
		8E32859A1EDF0EF200178785 /* NSDate+Extension.h */ = {isa = PBXFileReference; fileEncoding = 4; lastKnownFileType = sourcecode.c.h; name = "NSDate+Extension.h"; path = "WSDaePickerView/NSDate+Extension.h"; sourceTree = "<group>"; };
		8E32859B1EDF0EF200178785 /* NSDate+Extension.m */ = {isa = PBXFileReference; fileEncoding = 4; lastKnownFileType = sourcecode.c.objc; name = "NSDate+Extension.m"; path = "WSDaePickerView/NSDate+Extension.m"; sourceTree = "<group>"; };
		8E32859C1EDF0EF200178785 /* UIView+Extension.h */ = {isa = PBXFileReference; fileEncoding = 4; lastKnownFileType = sourcecode.c.h; name = "UIView+Extension.h"; path = "WSDaePickerView/UIView+Extension.h"; sourceTree = "<group>"; };
		8E32859D1EDF0EF200178785 /* UIView+Extension.m */ = {isa = PBXFileReference; fileEncoding = 4; lastKnownFileType = sourcecode.c.objc; name = "UIView+Extension.m"; path = "WSDaePickerView/UIView+Extension.m"; sourceTree = "<group>"; };
		8E32859E1EDF0EF200178785 /* WSDatePickerView.h */ = {isa = PBXFileReference; fileEncoding = 4; lastKnownFileType = sourcecode.c.h; name = WSDatePickerView.h; path = WSDaePickerView/WSDatePickerView.h; sourceTree = "<group>"; };
		8E32859F1EDF0EF200178785 /* WSDatePickerView.m */ = {isa = PBXFileReference; fileEncoding = 4; lastKnownFileType = sourcecode.c.objc; name = WSDatePickerView.m; path = WSDaePickerView/WSDatePickerView.m; sourceTree = "<group>"; };
		8E3285A01EDF0EF200178785 /* WSDatePickerView.xib */ = {isa = PBXFileReference; fileEncoding = 4; lastKnownFileType = file.xib; name = WSDatePickerView.xib; path = WSDaePickerView/WSDatePickerView.xib; sourceTree = "<group>"; };
		8E3E350C1EAE1C170005C942 /* MapViewController.swift */ = {isa = PBXFileReference; fileEncoding = 4; lastKnownFileType = sourcecode.swift; path = MapViewController.swift; sourceTree = "<group>"; };
		8E3E350E1EAE1C930005C942 /* TravelPal-Bridging-Header.h */ = {isa = PBXFileReference; lastKnownFileType = sourcecode.c.h; path = "TravelPal-Bridging-Header.h"; sourceTree = "<group>"; };
		8E3E35111EAE3CF70005C942 /* TravelPalDetailViewController.swift */ = {isa = PBXFileReference; fileEncoding = 4; lastKnownFileType = sourcecode.swift; path = TravelPalDetailViewController.swift; sourceTree = "<group>"; };
		8E3E35131EAE3F970005C942 /* UserManager.swift */ = {isa = PBXFileReference; fileEncoding = 4; lastKnownFileType = sourcecode.swift; path = UserManager.swift; sourceTree = "<group>"; };
		8E3E35151EAE3F9F0005C942 /* Router.swift */ = {isa = PBXFileReference; fileEncoding = 4; lastKnownFileType = sourcecode.swift; path = Router.swift; sourceTree = "<group>"; };
		8E46AED01EC8430B004A95D5 /* LvbanInfo.swift */ = {isa = PBXFileReference; fileEncoding = 4; lastKnownFileType = sourcecode.swift; path = LvbanInfo.swift; sourceTree = "<group>"; };
		8E46AED21EC8488D004A95D5 /* TPPersonInfoCell.swift */ = {isa = PBXFileReference; fileEncoding = 4; lastKnownFileType = sourcecode.swift; path = TPPersonInfoCell.swift; sourceTree = "<group>"; };
		8E46AED31EC8488D004A95D5 /* TPPersonInfoCell.xib */ = {isa = PBXFileReference; fileEncoding = 4; lastKnownFileType = file.xib; path = TPPersonInfoCell.xib; sourceTree = "<group>"; };
		8E46AED61EC84F78004A95D5 /* TPTravelInfoCell.swift */ = {isa = PBXFileReference; fileEncoding = 4; lastKnownFileType = sourcecode.swift; path = TPTravelInfoCell.swift; sourceTree = "<group>"; };
		8E46AED71EC84F78004A95D5 /* TPTravelInfoCell.xib */ = {isa = PBXFileReference; fileEncoding = 4; lastKnownFileType = file.xib; path = TPTravelInfoCell.xib; sourceTree = "<group>"; };
		8E46AEDC1EC85313004A95D5 /* TPDetailInfoCell.swift */ = {isa = PBXFileReference; fileEncoding = 4; lastKnownFileType = sourcecode.swift; path = TPDetailInfoCell.swift; sourceTree = "<group>"; };
		8E46AEDD1EC85313004A95D5 /* TPDetailInfoCell.xib */ = {isa = PBXFileReference; fileEncoding = 4; lastKnownFileType = file.xib; path = TPDetailInfoCell.xib; sourceTree = "<group>"; };
		8E46AEE01EC8534C004A95D5 /* TPGeoInfoCell.swift */ = {isa = PBXFileReference; fileEncoding = 4; lastKnownFileType = sourcecode.swift; path = TPGeoInfoCell.swift; sourceTree = "<group>"; };
		8E46AEE11EC8534C004A95D5 /* TPGeoInfoCell.xib */ = {isa = PBXFileReference; fileEncoding = 4; lastKnownFileType = file.xib; path = TPGeoInfoCell.xib; sourceTree = "<group>"; };
		8E48FD191EADA78900EA132C /* TravelPal.app */ = {isa = PBXFileReference; explicitFileType = wrapper.application; includeInIndex = 0; path = TravelPal.app; sourceTree = BUILT_PRODUCTS_DIR; };
		8E48FD1C1EADA78900EA132C /* AppDelegate.swift */ = {isa = PBXFileReference; lastKnownFileType = sourcecode.swift; path = AppDelegate.swift; sourceTree = "<group>"; };
		8E48FD1E1EADA78900EA132C /* ViewController.swift */ = {isa = PBXFileReference; lastKnownFileType = sourcecode.swift; path = ViewController.swift; sourceTree = "<group>"; };
		8E48FD211EADA78900EA132C /* Base */ = {isa = PBXFileReference; lastKnownFileType = file.storyboard; name = Base; path = Base.lproj/Main.storyboard; sourceTree = "<group>"; };
		8E48FD241EADA78900EA132C /* TravelPal.xcdatamodel */ = {isa = PBXFileReference; lastKnownFileType = wrapper.xcdatamodel; path = TravelPal.xcdatamodel; sourceTree = "<group>"; };
		8E48FD261EADA78900EA132C /* Assets.xcassets */ = {isa = PBXFileReference; lastKnownFileType = folder.assetcatalog; path = Assets.xcassets; sourceTree = "<group>"; };
		8E48FD291EADA78900EA132C /* Base */ = {isa = PBXFileReference; lastKnownFileType = file.storyboard; name = Base; path = Base.lproj/LaunchScreen.storyboard; sourceTree = "<group>"; };
		8E48FD2B1EADA78900EA132C /* Info.plist */ = {isa = PBXFileReference; lastKnownFileType = text.plist.xml; path = Info.plist; sourceTree = "<group>"; };
		8E5C7A451EBB6F9A000E64F7 /* MainTableViewController.swift */ = {isa = PBXFileReference; fileEncoding = 4; lastKnownFileType = sourcecode.swift; path = MainTableViewController.swift; sourceTree = "<group>"; };
		8E5C7A461EBB6F9A000E64F7 /* DemoCell.swift */ = {isa = PBXFileReference; fileEncoding = 4; lastKnownFileType = sourcecode.swift; path = DemoCell.swift; sourceTree = "<group>"; };
		8E5C7A4B1EBB6FD3000E64F7 /* FoldingCell.swift */ = {isa = PBXFileReference; fileEncoding = 4; lastKnownFileType = sourcecode.swift; path = FoldingCell.swift; sourceTree = "<group>"; };
		8E7035C61ECC945900AA8E36 /* OverlayController.swift */ = {isa = PBXFileReference; fileEncoding = 4; lastKnownFileType = sourcecode.swift; path = OverlayController.swift; sourceTree = "<group>"; };
		8E7BA4851ED18C9D00969F3C /* TPPosterTableViewController.swift */ = {isa = PBXFileReference; fileEncoding = 4; lastKnownFileType = sourcecode.swift; path = TPPosterTableViewController.swift; sourceTree = "<group>"; };
		8E91455A1EDDB0A1006EA2DB /* TPPoster2TableViewController.swift */ = {isa = PBXFileReference; fileEncoding = 4; lastKnownFileType = sourcecode.swift; path = TPPoster2TableViewController.swift; sourceTree = "<group>"; };
		8EA4C06F1EB9E939003047E7 /* TravelPalViewController.swift */ = {isa = PBXFileReference; fileEncoding = 4; lastKnownFileType = sourcecode.swift; path = TravelPalViewController.swift; sourceTree = "<group>"; };
		8EA4C0711EB9EAB6003047E7 /* TravelPalTabelViewController.swift */ = {isa = PBXFileReference; fileEncoding = 4; lastKnownFileType = sourcecode.swift; path = TravelPalTabelViewController.swift; sourceTree = "<group>"; };
		8EB6C7731EB0DA900069578A /* IMListViewController.swift */ = {isa = PBXFileReference; fileEncoding = 4; lastKnownFileType = sourcecode.swift; path = IMListViewController.swift; sourceTree = "<group>"; };
		8EC842941ED5C6B10078D674 /* TPFindPalTableViewController.swift */ = {isa = PBXFileReference; fileEncoding = 4; lastKnownFileType = sourcecode.swift; path = TPFindPalTableViewController.swift; sourceTree = "<group>"; };
		8ECBDF5E1EC747680025579E /* TPDetailToolBar.swift */ = {isa = PBXFileReference; fileEncoding = 4; lastKnownFileType = sourcecode.swift; path = TPDetailToolBar.swift; sourceTree = "<group>"; };
		8EE1F2861EE1A10600B0DD1E /* HELoopPageView.swift */ = {isa = PBXFileReference; fileEncoding = 4; lastKnownFileType = sourcecode.swift; path = HELoopPageView.swift; sourceTree = "<group>"; };
		8EE1F2871EE1A10600B0DD1E /* tableview.swift */ = {isa = PBXFileReference; fileEncoding = 4; lastKnownFileType = sourcecode.swift; path = tableview.swift; sourceTree = "<group>"; };
		8EE1F2881EE1A10600B0DD1E /* SearchViewController.swift */ = {isa = PBXFileReference; fileEncoding = 4; lastKnownFileType = sourcecode.swift; path = SearchViewController.swift; sourceTree = "<group>"; };
		8EE1F2891EE1A10600B0DD1E /* BGButton.swift */ = {isa = PBXFileReference; fileEncoding = 4; lastKnownFileType = sourcecode.swift; path = BGButton.swift; sourceTree = "<group>"; };
		8EE1F28A1EE1A10600B0DD1E /* InformationViewController.swift */ = {isa = PBXFileReference; fileEncoding = 4; lastKnownFileType = sourcecode.swift; path = InformationViewController.swift; sourceTree = "<group>"; };
		8EE1F2951EE1A2E400B0DD1E /* allDingDan.swift */ = {isa = PBXFileReference; fileEncoding = 4; lastKnownFileType = sourcecode.swift; path = allDingDan.swift; sourceTree = "<group>"; };
		8EE1F2961EE1A2E400B0DD1E /* PersonalViewController.swift */ = {isa = PBXFileReference; fileEncoding = 4; lastKnownFileType = sourcecode.swift; path = PersonalViewController.swift; sourceTree = "<group>"; };
		8EE1F2971EE1A2E400B0DD1E /* DetailViewController.swift */ = {isa = PBXFileReference; fileEncoding = 4; lastKnownFileType = sourcecode.swift; path = DetailViewController.swift; sourceTree = "<group>"; };
		8EE1F2981EE1A2E400B0DD1E /* SignViewController.swift */ = {isa = PBXFileReference; fileEncoding = 4; lastKnownFileType = sourcecode.swift; path = SignViewController.swift; sourceTree = "<group>"; };
		8EE1F2991EE1A2E400B0DD1E /* RegisterViewController.swift */ = {isa = PBXFileReference; fileEncoding = 4; lastKnownFileType = sourcecode.swift; path = RegisterViewController.swift; sourceTree = "<group>"; };
		8EE1F29A1EE1A2E400B0DD1E /* forgetViewController.swift */ = {isa = PBXFileReference; fileEncoding = 4; lastKnownFileType = sourcecode.swift; path = forgetViewController.swift; sourceTree = "<group>"; };
		8EE1F2A21EE1A2F700B0DD1E /* DingDanCell.swift */ = {isa = PBXFileReference; fileEncoding = 4; lastKnownFileType = sourcecode.swift; path = DingDanCell.swift; sourceTree = "<group>"; };
		8EE1F2A31EE1A2F700B0DD1E /* ProductTableViewCell.swift */ = {isa = PBXFileReference; fileEncoding = 4; lastKnownFileType = sourcecode.swift; path = ProductTableViewCell.swift; sourceTree = "<group>"; };
		8EE1F2A61EE1A30300B0DD1E /* myButton.swift */ = {isa = PBXFileReference; fileEncoding = 4; lastKnownFileType = sourcecode.swift; path = myButton.swift; sourceTree = "<group>"; };
		8EE1F2A71EE1A30300B0DD1E /* myLayout.swift */ = {isa = PBXFileReference; fileEncoding = 4; lastKnownFileType = sourcecode.swift; path = myLayout.swift; sourceTree = "<group>"; };
		8EE52EF21EEC2E3C003C0116 /* empty.swift */ = {isa = PBXFileReference; fileEncoding = 4; lastKnownFileType = sourcecode.swift; path = empty.swift; sourceTree = "<group>"; };
		8EE6D5C61ECEEA2900C6F0EA /* TravelPostViewController.swift */ = {isa = PBXFileReference; fileEncoding = 4; lastKnownFileType = sourcecode.swift; path = TravelPostViewController.swift; sourceTree = "<group>"; };
		8EEBAAC31EE821F900AA1313 /* TPTabBarController.swift */ = {isa = PBXFileReference; fileEncoding = 4; lastKnownFileType = sourcecode.swift; path = TPTabBarController.swift; sourceTree = "<group>"; };
		8EEBAAC51EE8223E00AA1313 /* TPFabuView.swift */ = {isa = PBXFileReference; fileEncoding = 4; lastKnownFileType = sourcecode.swift; path = TPFabuView.swift; sourceTree = "<group>"; };
		8EEBAAC71EE8346D00AA1313 /* TPBannerView.swift */ = {isa = PBXFileReference; fileEncoding = 4; lastKnownFileType = sourcecode.swift; path = TPBannerView.swift; sourceTree = "<group>"; };
		8EF018811EB234B700AA6BEB /* IMConversationViewController.swift */ = {isa = PBXFileReference; fileEncoding = 4; lastKnownFileType = sourcecode.swift; path = IMConversationViewController.swift; sourceTree = "<group>"; };
		A06FEA187D5B982ACD7948DB /* Pods-TravelPal.release.xcconfig */ = {isa = PBXFileReference; includeInIndex = 1; lastKnownFileType = text.xcconfig; name = "Pods-TravelPal.release.xcconfig"; path = "Pods/Target Support Files/Pods-TravelPal/Pods-TravelPal.release.xcconfig"; sourceTree = "<group>"; };
/* End PBXFileReference section */

/* Begin PBXFrameworksBuildPhase section */
		8E48FD161EADA78900EA132C /* Frameworks */ = {
			isa = PBXFrameworksBuildPhase;
			buildActionMask = 2147483647;
			files = (
				055FD87BC57AAF6988F78381 /* Pods_TravelPal.framework in Frameworks */,
			);
			runOnlyForDeploymentPostprocessing = 0;
		};
/* End PBXFrameworksBuildPhase section */

/* Begin PBXGroup section */
		451BF75C0306E909813C94BB /* Pods */ = {
			isa = PBXGroup;
			children = (
				6C993913E750029AD8FBE27C /* Pods-TravelPal.debug.xcconfig */,
				A06FEA187D5B982ACD7948DB /* Pods-TravelPal.release.xcconfig */,
			);
			name = Pods;
			sourceTree = "<group>";
		};
		8E1091591EB713BC006E4CCD /* TravelPal */ = {
			isa = PBXGroup;
			children = (
				8EA4C0661EB9E6C1003047E7 /* Controller */,
				8EA4C0651EB9E6BC003047E7 /* View */,
				8E46AED01EC8430B004A95D5 /* LvbanInfo.swift */,
			);
			name = TravelPal;
			sourceTree = "<group>";
		};
		8E10915A1EB713D6006E4CCD /* Tools */ = {
			isa = PBXGroup;
			children = (
				8E3285991EDF0EEA00178785 /* date */,
				8E3E35131EAE3F970005C942 /* UserManager.swift */,
				8E3E35151EAE3F9F0005C942 /* Router.swift */,
				8E3E350E1EAE1C930005C942 /* TravelPal-Bridging-Header.h */,
				8E10915C1EB71774006E4CCD /* Consts.swift */,
				8E1091601EB718C6006E4CCD /* UIView+Ext.swift */,
				8EEBAAC71EE8346D00AA1313 /* TPBannerView.swift */,
				8EE52EF21EEC2E3C003C0116 /* empty.swift */,
			);
			name = Tools;
			sourceTree = "<group>";
		};
		8E10915B1EB713E2006E4CCD /* IM */ = {
			isa = PBXGroup;
			children = (
				8EB6C7731EB0DA900069578A /* IMListViewController.swift */,
				8EF018811EB234B700AA6BEB /* IMConversationViewController.swift */,
			);
			name = IM;
			sourceTree = "<group>";
		};
		8E1091621EB72AC2006E4CCD /* Tabbar */ = {
			isa = PBXGroup;
			children = (
				8EEBAAC31EE821F900AA1313 /* TPTabBarController.swift */,
				8EEBAAC51EE8223E00AA1313 /* TPFabuView.swift */,
			);
			name = Tabbar;
			sourceTree = "<group>";
		};
		8E3285991EDF0EEA00178785 /* date */ = {
			isa = PBXGroup;
			children = (
				8E32859A1EDF0EF200178785 /* NSDate+Extension.h */,
				8E32859B1EDF0EF200178785 /* NSDate+Extension.m */,
				8E32859C1EDF0EF200178785 /* UIView+Extension.h */,
				8E32859D1EDF0EF200178785 /* UIView+Extension.m */,
				8E32859E1EDF0EF200178785 /* WSDatePickerView.h */,
				8E32859F1EDF0EF200178785 /* WSDatePickerView.m */,
				8E3285A01EDF0EF200178785 /* WSDatePickerView.xib */,
			);
			name = date;
			sourceTree = "<group>";
		};
		8E48FD101EADA78900EA132C = {
			isa = PBXGroup;
			children = (
				8E48FD1B1EADA78900EA132C /* TravelPal */,
				8E48FD1A1EADA78900EA132C /* Products */,
				451BF75C0306E909813C94BB /* Pods */,
				AD6709B7DE80D7CECDC6B9D3 /* Frameworks */,
			);
			sourceTree = "<group>";
		};
		8E48FD1A1EADA78900EA132C /* Products */ = {
			isa = PBXGroup;
			children = (
				8E48FD191EADA78900EA132C /* TravelPal.app */,
			);
			name = Products;
			sourceTree = "<group>";
		};
		8E48FD1B1EADA78900EA132C /* TravelPal */ = {
			isa = PBXGroup;
			children = (
				8EE1F2901EE1A16900B0DD1E /* Personnal */,
				8EE1F2851EE1A0F400B0DD1E /* Travel */,
				8E1091621EB72AC2006E4CCD /* Tabbar */,
				8E10915B1EB713E2006E4CCD /* IM */,
				8E10915A1EB713D6006E4CCD /* Tools */,
				8E1091591EB713BC006E4CCD /* TravelPal */,
				8E48FD1C1EADA78900EA132C /* AppDelegate.swift */,
				8E48FD201EADA78900EA132C /* Main.storyboard */,
				8E48FD261EADA78900EA132C /* Assets.xcassets */,
				8E48FD281EADA78900EA132C /* LaunchScreen.storyboard */,
				8E48FD2B1EADA78900EA132C /* Info.plist */,
				8E48FD231EADA78900EA132C /* TravelPal.xcdatamodeld */,
			);
			path = TravelPal;
			sourceTree = "<group>";
		};
		8EA4C0651EB9E6BC003047E7 /* View */ = {
			isa = PBXGroup;
			children = (
				8E5C7A461EBB6F9A000E64F7 /* DemoCell.swift */,
				8E5C7A4B1EBB6FD3000E64F7 /* FoldingCell.swift */,
				8E10915E1EB717CF006E4CCD /* HeadSegmentView.swift */,
				8ECBDF5E1EC747680025579E /* TPDetailToolBar.swift */,
				8E46AED21EC8488D004A95D5 /* TPPersonInfoCell.swift */,
				8E46AED31EC8488D004A95D5 /* TPPersonInfoCell.xib */,
				8E46AED61EC84F78004A95D5 /* TPTravelInfoCell.swift */,
				8E46AED71EC84F78004A95D5 /* TPTravelInfoCell.xib */,
				8E46AEDC1EC85313004A95D5 /* TPDetailInfoCell.swift */,
				8E46AEDD1EC85313004A95D5 /* TPDetailInfoCell.xib */,
				8E46AEE01EC8534C004A95D5 /* TPGeoInfoCell.swift */,
				8E46AEE11EC8534C004A95D5 /* TPGeoInfoCell.xib */,
			);
			name = View;
			sourceTree = "<group>";
		};
		8EA4C0661EB9E6C1003047E7 /* Controller */ = {
			isa = PBXGroup;
			children = (
				8E7035C61ECC945900AA8E36 /* OverlayController.swift */,
				8EA4C06F1EB9E939003047E7 /* TravelPalViewController.swift */,
				8E3E35111EAE3CF70005C942 /* TravelPalDetailViewController.swift */,
				8E3E350C1EAE1C170005C942 /* MapViewController.swift */,
				8E5C7A451EBB6F9A000E64F7 /* MainTableViewController.swift */,
				8EA4C0711EB9EAB6003047E7 /* TravelPalTabelViewController.swift */,
				8EE6D5C61ECEEA2900C6F0EA /* TravelPostViewController.swift */,
				8E7BA4851ED18C9D00969F3C /* TPPosterTableViewController.swift */,
				8E91455A1EDDB0A1006EA2DB /* TPPoster2TableViewController.swift */,
				8EC842941ED5C6B10078D674 /* TPFindPalTableViewController.swift */,
			);
			name = Controller;
			sourceTree = "<group>";
		};
		8EE1F2851EE1A0F400B0DD1E /* Travel */ = {
			isa = PBXGroup;
			children = (
				8EE1F2861EE1A10600B0DD1E /* HELoopPageView.swift */,
				8EE1F2871EE1A10600B0DD1E /* tableview.swift */,
				8EE1F2881EE1A10600B0DD1E /* SearchViewController.swift */,
				8EE1F2891EE1A10600B0DD1E /* BGButton.swift */,
				8EE1F28A1EE1A10600B0DD1E /* InformationViewController.swift */,
				8E48FD1E1EADA78900EA132C /* ViewController.swift */,
			);
			name = Travel;
			sourceTree = "<group>";
		};
		8EE1F2901EE1A16900B0DD1E /* Personnal */ = {
			isa = PBXGroup;
			children = (
				8EE1F2A11EE1A2EC00B0DD1E /* V */,
				8EE1F2941EE1A2CF00B0DD1E /* C */,
			);
			name = Personnal;
			sourceTree = "<group>";
		};
		8EE1F2941EE1A2CF00B0DD1E /* C */ = {
			isa = PBXGroup;
			children = (
				8EE1F2951EE1A2E400B0DD1E /* allDingDan.swift */,
				8EE1F2961EE1A2E400B0DD1E /* PersonalViewController.swift */,
				8EE1F2971EE1A2E400B0DD1E /* DetailViewController.swift */,
				8EE1F2981EE1A2E400B0DD1E /* SignViewController.swift */,
				8EE1F2991EE1A2E400B0DD1E /* RegisterViewController.swift */,
				8EE1F29A1EE1A2E400B0DD1E /* forgetViewController.swift */,
			);
			name = C;
			sourceTree = "<group>";
		};
		8EE1F2A11EE1A2EC00B0DD1E /* V */ = {
			isa = PBXGroup;
			children = (
				8EE1F2A21EE1A2F700B0DD1E /* DingDanCell.swift */,
				8EE1F2A61EE1A30300B0DD1E /* myButton.swift */,
				8EE1F2A71EE1A30300B0DD1E /* myLayout.swift */,
				8EE1F2A31EE1A2F700B0DD1E /* ProductTableViewCell.swift */,
			);
			name = V;
			sourceTree = "<group>";
		};
		AD6709B7DE80D7CECDC6B9D3 /* Frameworks */ = {
			isa = PBXGroup;
			children = (
				47CE7437F83FD8A51101D46C /* Pods_TravelPal.framework */,
			);
			name = Frameworks;
			sourceTree = "<group>";
		};
/* End PBXGroup section */

/* Begin PBXNativeTarget section */
		8E48FD181EADA78900EA132C /* TravelPal */ = {
			isa = PBXNativeTarget;
			buildConfigurationList = 8E48FD2E1EADA78900EA132C /* Build configuration list for PBXNativeTarget "TravelPal" */;
			buildPhases = (
				89B5A0B00DA13B8DC672EEE8 /* [CP] Check Pods Manifest.lock */,
				8E48FD151EADA78900EA132C /* Sources */,
				8E48FD161EADA78900EA132C /* Frameworks */,
				8E48FD171EADA78900EA132C /* Resources */,
				128E237E92BF49764C9744E6 /* [CP] Embed Pods Frameworks */,
				D5B5994C8566C86C44074F43 /* [CP] Copy Pods Resources */,
			);
			buildRules = (
			);
			dependencies = (
			);
			name = TravelPal;
			productName = TravelPal;
			productReference = 8E48FD191EADA78900EA132C /* TravelPal.app */;
			productType = "com.apple.product-type.application";
		};
/* End PBXNativeTarget section */

/* Begin PBXProject section */
		8E48FD111EADA78900EA132C /* Project object */ = {
			isa = PBXProject;
			attributes = {
				LastSwiftUpdateCheck = 0830;
				LastUpgradeCheck = 0830;
				ORGANIZATIONNAME = INGSwifters;
				TargetAttributes = {
					8E48FD181EADA78900EA132C = {
						CreatedOnToolsVersion = 8.3.2;
						DevelopmentTeam = 7NHUNFTCZQ;
						LastSwiftMigration = 0830;
						ProvisioningStyle = Automatic;
						SystemCapabilities = {
							com.apple.BackgroundModes = {
								enabled = 1;
							};
						};
					};
				};
			};
			buildConfigurationList = 8E48FD141EADA78900EA132C /* Build configuration list for PBXProject "TravelPal" */;
			compatibilityVersion = "Xcode 3.2";
			developmentRegion = English;
			hasScannedForEncodings = 0;
			knownRegions = (
				en,
				Base,
			);
			mainGroup = 8E48FD101EADA78900EA132C;
			productRefGroup = 8E48FD1A1EADA78900EA132C /* Products */;
			projectDirPath = "";
			projectRoot = "";
			targets = (
				8E48FD181EADA78900EA132C /* TravelPal */,
			);
		};
/* End PBXProject section */

/* Begin PBXResourcesBuildPhase section */
		8E48FD171EADA78900EA132C /* Resources */ = {
			isa = PBXResourcesBuildPhase;
			buildActionMask = 2147483647;
			files = (
				8E46AED51EC8488D004A95D5 /* TPPersonInfoCell.xib in Resources */,
				8E46AED91EC84F78004A95D5 /* TPTravelInfoCell.xib in Resources */,
				8E46AEE31EC8534C004A95D5 /* TPGeoInfoCell.xib in Resources */,
				8E48FD2A1EADA78900EA132C /* LaunchScreen.storyboard in Resources */,
				8E48FD271EADA78900EA132C /* Assets.xcassets in Resources */,
				8E46AEDF1EC85313004A95D5 /* TPDetailInfoCell.xib in Resources */,
				8E3285A41EDF0EF200178785 /* WSDatePickerView.xib in Resources */,
				8E48FD221EADA78900EA132C /* Main.storyboard in Resources */,
			);
			runOnlyForDeploymentPostprocessing = 0;
		};
/* End PBXResourcesBuildPhase section */

/* Begin PBXShellScriptBuildPhase section */
		128E237E92BF49764C9744E6 /* [CP] Embed Pods Frameworks */ = {
			isa = PBXShellScriptBuildPhase;
			buildActionMask = 2147483647;
			files = (
			);
			inputPaths = (
			);
			name = "[CP] Embed Pods Frameworks";
			outputPaths = (
			);
			runOnlyForDeploymentPostprocessing = 0;
			shellPath = /bin/sh;
			shellScript = "\"${SRCROOT}/Pods/Target Support Files/Pods-TravelPal/Pods-TravelPal-frameworks.sh\"\n";
			showEnvVarsInLog = 0;
		};
		89B5A0B00DA13B8DC672EEE8 /* [CP] Check Pods Manifest.lock */ = {
			isa = PBXShellScriptBuildPhase;
			buildActionMask = 2147483647;
			files = (
			);
			inputPaths = (
			);
			name = "[CP] Check Pods Manifest.lock";
			outputPaths = (
			);
			runOnlyForDeploymentPostprocessing = 0;
			shellPath = /bin/sh;
			shellScript = "diff \"${PODS_ROOT}/../Podfile.lock\" \"${PODS_ROOT}/Manifest.lock\" > /dev/null\nif [ $? != 0 ] ; then\n    # print error to STDERR\n    echo \"error: The sandbox is not in sync with the Podfile.lock. Run 'pod install' or update your CocoaPods installation.\" >&2\n    exit 1\nfi\n";
			showEnvVarsInLog = 0;
		};
		D5B5994C8566C86C44074F43 /* [CP] Copy Pods Resources */ = {
			isa = PBXShellScriptBuildPhase;
			buildActionMask = 2147483647;
			files = (
			);
			inputPaths = (
			);
			name = "[CP] Copy Pods Resources";
			outputPaths = (
			);
			runOnlyForDeploymentPostprocessing = 0;
			shellPath = /bin/sh;
			shellScript = "\"${SRCROOT}/Pods/Target Support Files/Pods-TravelPal/Pods-TravelPal-resources.sh\"\n";
			showEnvVarsInLog = 0;
		};
/* End PBXShellScriptBuildPhase section */

/* Begin PBXSourcesBuildPhase section */
		8E48FD151EADA78900EA132C /* Sources */ = {
			isa = PBXSourcesBuildPhase;
			buildActionMask = 2147483647;
			files = (
				8E3285A51EDF101700178785 /* NSDate+Extension.h in Sources */,
				8E3285A61EDF101700178785 /* UIView+Extension.h in Sources */,
				8EEBAAC81EE8346D00AA1313 /* TPBannerView.swift in Sources */,
				8E3285A71EDF101700178785 /* WSDatePickerView.h in Sources */,
				8EEBAAC61EE8223E00AA1313 /* TPFabuView.swift in Sources */,
				8E3285A21EDF0EF200178785 /* UIView+Extension.m in Sources */,
				8E3E35141EAE3F970005C942 /* UserManager.swift in Sources */,
				8E5C7A4C1EBB6FD3000E64F7 /* FoldingCell.swift in Sources */,
				8EA4C0701EB9E939003047E7 /* TravelPalViewController.swift in Sources */,
				8E91455B1EDDB0A1006EA2DB /* TPPoster2TableViewController.swift in Sources */,
				8EE6D5C71ECEEA2900C6F0EA /* TravelPostViewController.swift in Sources */,
				8E46AEE21EC8534C004A95D5 /* TPGeoInfoCell.swift in Sources */,
				8EC842951ED5C6B10078D674 /* TPFindPalTableViewController.swift in Sources */,
				8EA4C0721EB9EAB6003047E7 /* TravelPalTabelViewController.swift in Sources */,
				8E46AED41EC8488D004A95D5 /* TPPersonInfoCell.swift in Sources */,
				8E7035C71ECC945900AA8E36 /* OverlayController.swift in Sources */,
				8E10915D1EB71774006E4CCD /* Consts.swift in Sources */,
				8E3E35121EAE3CF70005C942 /* TravelPalDetailViewController.swift in Sources */,
				8E48FD251EADA78900EA132C /* TravelPal.xcdatamodeld in Sources */,
				8EEBAAC41EE821F900AA1313 /* TPTabBarController.swift in Sources */,
				8EE1F29B1EE1A2E400B0DD1E /* allDingDan.swift in Sources */,
				8EE1F28C1EE1A10600B0DD1E /* tableview.swift in Sources */,
				8E3E35161EAE3F9F0005C942 /* Router.swift in Sources */,
				8ECBDF5F1EC747680025579E /* TPDetailToolBar.swift in Sources */,
				8E10915F1EB717CF006E4CCD /* HeadSegmentView.swift in Sources */,
				8E48FD1F1EADA78900EA132C /* ViewController.swift in Sources */,
				8EE1F29F1EE1A2E400B0DD1E /* RegisterViewController.swift in Sources */,
				8EE1F28E1EE1A10600B0DD1E /* BGButton.swift in Sources */,
				8EE1F28B1EE1A10600B0DD1E /* HELoopPageView.swift in Sources */,
				8E48FD1D1EADA78900EA132C /* AppDelegate.swift in Sources */,
				8EE1F29E1EE1A2E400B0DD1E /* SignViewController.swift in Sources */,
				8EE1F2A01EE1A2E400B0DD1E /* forgetViewController.swift in Sources */,
				8E1091611EB718C6006E4CCD /* UIView+Ext.swift in Sources */,
				8EE1F29D1EE1A2E400B0DD1E /* DetailViewController.swift in Sources */,
				8EE1F2A91EE1A30300B0DD1E /* myLayout.swift in Sources */,
				8EE1F28F1EE1A10600B0DD1E /* InformationViewController.swift in Sources */,
				8E46AED11EC8430B004A95D5 /* LvbanInfo.swift in Sources */,
				8EE1F2A41EE1A2F700B0DD1E /* DingDanCell.swift in Sources */,
				8EE1F28D1EE1A10600B0DD1E /* SearchViewController.swift in Sources */,
				8EE1F29C1EE1A2E400B0DD1E /* PersonalViewController.swift in Sources */,
				8E46AED81EC84F78004A95D5 /* TPTravelInfoCell.swift in Sources */,
				8EF018821EB234B700AA6BEB /* IMConversationViewController.swift in Sources */,
				8EB6C7741EB0DA900069578A /* IMListViewController.swift in Sources */,
				8EE52EF31EEC2E3C003C0116 /* empty.swift in Sources */,
				8EE1F2A51EE1A2F700B0DD1E /* ProductTableViewCell.swift in Sources */,
				8E3285A11EDF0EF200178785 /* NSDate+Extension.m in Sources */,
				8E5C7A471EBB6F9A000E64F7 /* MainTableViewController.swift in Sources */,
				8E3285A31EDF0EF200178785 /* WSDatePickerView.m in Sources */,
				8EE1F2A81EE1A30300B0DD1E /* myButton.swift in Sources */,
				8E5C7A481EBB6F9A000E64F7 /* DemoCell.swift in Sources */,
				8E46AEDE1EC85313004A95D5 /* TPDetailInfoCell.swift in Sources */,
				8E7BA4861ED18C9D00969F3C /* TPPosterTableViewController.swift in Sources */,
				8E3E350D1EAE1C170005C942 /* MapViewController.swift in Sources */,
			);
			runOnlyForDeploymentPostprocessing = 0;
		};
/* End PBXSourcesBuildPhase section */

/* Begin PBXVariantGroup section */
		8E48FD201EADA78900EA132C /* Main.storyboard */ = {
			isa = PBXVariantGroup;
			children = (
				8E48FD211EADA78900EA132C /* Base */,
			);
			name = Main.storyboard;
			sourceTree = "<group>";
		};
		8E48FD281EADA78900EA132C /* LaunchScreen.storyboard */ = {
			isa = PBXVariantGroup;
			children = (
				8E48FD291EADA78900EA132C /* Base */,
			);
			name = LaunchScreen.storyboard;
			sourceTree = "<group>";
		};
/* End PBXVariantGroup section */

/* Begin XCBuildConfiguration section */
		8E48FD2C1EADA78900EA132C /* Debug */ = {
			isa = XCBuildConfiguration;
			buildSettings = {
				ALWAYS_SEARCH_USER_PATHS = NO;
				CLANG_ANALYZER_NONNULL = YES;
				CLANG_ANALYZER_NUMBER_OBJECT_CONVERSION = YES_AGGRESSIVE;
				CLANG_CXX_LANGUAGE_STANDARD = "gnu++0x";
				CLANG_CXX_LIBRARY = "libc++";
				CLANG_ENABLE_MODULES = YES;
				CLANG_ENABLE_OBJC_ARC = YES;
				CLANG_WARN_BOOL_CONVERSION = YES;
				CLANG_WARN_CONSTANT_CONVERSION = YES;
				CLANG_WARN_DIRECT_OBJC_ISA_USAGE = YES_ERROR;
				CLANG_WARN_DOCUMENTATION_COMMENTS = YES;
				CLANG_WARN_EMPTY_BODY = YES;
				CLANG_WARN_ENUM_CONVERSION = YES;
				CLANG_WARN_INFINITE_RECURSION = YES;
				CLANG_WARN_INT_CONVERSION = YES;
				CLANG_WARN_OBJC_ROOT_CLASS = YES_ERROR;
				CLANG_WARN_SUSPICIOUS_MOVE = YES;
				CLANG_WARN_UNREACHABLE_CODE = YES;
				CLANG_WARN__DUPLICATE_METHOD_MATCH = YES;
				"CODE_SIGN_IDENTITY[sdk=iphoneos*]" = "iPhone Developer";
				COPY_PHASE_STRIP = NO;
				DEBUG_INFORMATION_FORMAT = dwarf;
				ENABLE_STRICT_OBJC_MSGSEND = YES;
				ENABLE_TESTABILITY = YES;
				GCC_C_LANGUAGE_STANDARD = gnu99;
				GCC_DYNAMIC_NO_PIC = NO;
				GCC_NO_COMMON_BLOCKS = YES;
				GCC_OPTIMIZATION_LEVEL = 0;
				GCC_PREPROCESSOR_DEFINITIONS = (
					"DEBUG=1",
					"$(inherited)",
				);
				GCC_WARN_64_TO_32_BIT_CONVERSION = YES;
				GCC_WARN_ABOUT_RETURN_TYPE = YES_ERROR;
				GCC_WARN_UNDECLARED_SELECTOR = YES;
				GCC_WARN_UNINITIALIZED_AUTOS = YES_AGGRESSIVE;
				GCC_WARN_UNUSED_FUNCTION = YES;
				GCC_WARN_UNUSED_VARIABLE = YES;
				IPHONEOS_DEPLOYMENT_TARGET = 10.3;
				MTL_ENABLE_DEBUG_INFO = YES;
				ONLY_ACTIVE_ARCH = YES;
				SDKROOT = iphoneos;
				SWIFT_ACTIVE_COMPILATION_CONDITIONS = DEBUG;
				SWIFT_OPTIMIZATION_LEVEL = "-Onone";
			};
			name = Debug;
		};
		8E48FD2D1EADA78900EA132C /* Release */ = {
			isa = XCBuildConfiguration;
			buildSettings = {
				ALWAYS_SEARCH_USER_PATHS = NO;
				CLANG_ANALYZER_NONNULL = YES;
				CLANG_ANALYZER_NUMBER_OBJECT_CONVERSION = YES_AGGRESSIVE;
				CLANG_CXX_LANGUAGE_STANDARD = "gnu++0x";
				CLANG_CXX_LIBRARY = "libc++";
				CLANG_ENABLE_MODULES = YES;
				CLANG_ENABLE_OBJC_ARC = YES;
				CLANG_WARN_BOOL_CONVERSION = YES;
				CLANG_WARN_CONSTANT_CONVERSION = YES;
				CLANG_WARN_DIRECT_OBJC_ISA_USAGE = YES_ERROR;
				CLANG_WARN_DOCUMENTATION_COMMENTS = YES;
				CLANG_WARN_EMPTY_BODY = YES;
				CLANG_WARN_ENUM_CONVERSION = YES;
				CLANG_WARN_INFINITE_RECURSION = YES;
				CLANG_WARN_INT_CONVERSION = YES;
				CLANG_WARN_OBJC_ROOT_CLASS = YES_ERROR;
				CLANG_WARN_SUSPICIOUS_MOVE = YES;
				CLANG_WARN_UNREACHABLE_CODE = YES;
				CLANG_WARN__DUPLICATE_METHOD_MATCH = YES;
				"CODE_SIGN_IDENTITY[sdk=iphoneos*]" = "iPhone Developer";
				COPY_PHASE_STRIP = NO;
				DEBUG_INFORMATION_FORMAT = "dwarf-with-dsym";
				ENABLE_NS_ASSERTIONS = NO;
				ENABLE_STRICT_OBJC_MSGSEND = YES;
				GCC_C_LANGUAGE_STANDARD = gnu99;
				GCC_NO_COMMON_BLOCKS = YES;
				GCC_WARN_64_TO_32_BIT_CONVERSION = YES;
				GCC_WARN_ABOUT_RETURN_TYPE = YES_ERROR;
				GCC_WARN_UNDECLARED_SELECTOR = YES;
				GCC_WARN_UNINITIALIZED_AUTOS = YES_AGGRESSIVE;
				GCC_WARN_UNUSED_FUNCTION = YES;
				GCC_WARN_UNUSED_VARIABLE = YES;
				IPHONEOS_DEPLOYMENT_TARGET = 10.3;
				MTL_ENABLE_DEBUG_INFO = NO;
				SDKROOT = iphoneos;
				SWIFT_OPTIMIZATION_LEVEL = "-Owholemodule";
				VALIDATE_PRODUCT = YES;
			};
			name = Release;
		};
		8E48FD2F1EADA78900EA132C /* Debug */ = {
			isa = XCBuildConfiguration;
			baseConfigurationReference = 6C993913E750029AD8FBE27C /* Pods-TravelPal.debug.xcconfig */;
			buildSettings = {
				ASSETCATALOG_COMPILER_APPICON_NAME = AppIcon;
				CLANG_ENABLE_MODULES = YES;
				DEVELOPMENT_TEAM = 7NHUNFTCZQ;
				INFOPLIST_FILE = TravelPal/Info.plist;
				LD_RUNPATH_SEARCH_PATHS = "$(inherited) @executable_path/Frameworks";
				PRODUCT_BUNDLE_IDENTIFIER = com.INGSwifters.TravelPal;
				PRODUCT_NAME = "$(TARGET_NAME)";
				SWIFT_OBJC_BRIDGING_HEADER = "TravelPal/TravelPal-Bridging-Header.h";
				SWIFT_OPTIMIZATION_LEVEL = "-Onone";
				SWIFT_VERSION = 3.0;
			};
			name = Debug;
		};
		8E48FD301EADA78900EA132C /* Release */ = {
			isa = XCBuildConfiguration;
			baseConfigurationReference = A06FEA187D5B982ACD7948DB /* Pods-TravelPal.release.xcconfig */;
			buildSettings = {
				ASSETCATALOG_COMPILER_APPICON_NAME = AppIcon;
				CLANG_ENABLE_MODULES = YES;
				DEVELOPMENT_TEAM = 7NHUNFTCZQ;
				INFOPLIST_FILE = TravelPal/Info.plist;
				LD_RUNPATH_SEARCH_PATHS = "$(inherited) @executable_path/Frameworks";
				PRODUCT_BUNDLE_IDENTIFIER = com.INGSwifters.TravelPal;
				PRODUCT_NAME = "$(TARGET_NAME)";
				SWIFT_OBJC_BRIDGING_HEADER = "TravelPal/TravelPal-Bridging-Header.h";
				SWIFT_VERSION = 3.0;
			};
			name = Release;
		};
/* End XCBuildConfiguration section */

/* Begin XCConfigurationList section */
		8E48FD141EADA78900EA132C /* Build configuration list for PBXProject "TravelPal" */ = {
			isa = XCConfigurationList;
			buildConfigurations = (
				8E48FD2C1EADA78900EA132C /* Debug */,
				8E48FD2D1EADA78900EA132C /* Release */,
			);
			defaultConfigurationIsVisible = 0;
			defaultConfigurationName = Release;
		};
		8E48FD2E1EADA78900EA132C /* Build configuration list for PBXNativeTarget "TravelPal" */ = {
			isa = XCConfigurationList;
			buildConfigurations = (
				8E48FD2F1EADA78900EA132C /* Debug */,
				8E48FD301EADA78900EA132C /* Release */,
			);
			defaultConfigurationIsVisible = 0;
			defaultConfigurationName = Release;
		};
/* End XCConfigurationList section */

/* Begin XCVersionGroup section */
		8E48FD231EADA78900EA132C /* TravelPal.xcdatamodeld */ = {
			isa = XCVersionGroup;
			children = (
				8E48FD241EADA78900EA132C /* TravelPal.xcdatamodel */,
			);
			currentVersion = 8E48FD241EADA78900EA132C /* TravelPal.xcdatamodel */;
			path = TravelPal.xcdatamodeld;
			sourceTree = "<group>";
			versionGroupType = wrapper.xcdatamodel;
		};
/* End XCVersionGroup section */
	};
	rootObject = 8E48FD111EADA78900EA132C /* Project object */;
}
